// !$*UTF8*$!
{
	archiveVersion = 1;
	classes = {
	};
	objectVersion = 48;
	objects = {

/* Begin PBXBuildFile section */
		29EC9C5F2062EDB100CA302E /* AppDelegate.m in Sources */ = {isa = PBXBuildFile; fileRef = 29EC9C5E2062EDB100CA302E /* AppDelegate.m */; };
		29EC9C622062EDB100CA302E /* ViewController.m in Sources */ = {isa = PBXBuildFile; fileRef = 29EC9C612062EDB100CA302E /* ViewController.m */; };
		29EC9C652062EDB100CA302E /* Main.storyboard in Resources */ = {isa = PBXBuildFile; fileRef = 29EC9C632062EDB100CA302E /* Main.storyboard */; };
		29EC9C672062EDB100CA302E /* Assets.xcassets in Resources */ = {isa = PBXBuildFile; fileRef = 29EC9C662062EDB100CA302E /* Assets.xcassets */; };
		29EC9C6A2062EDB100CA302E /* LaunchScreen.storyboard in Resources */ = {isa = PBXBuildFile; fileRef = 29EC9C682062EDB100CA302E /* LaunchScreen.storyboard */; };
		29EC9C6D2062EDB100CA302E /* main.m in Sources */ = {isa = PBXBuildFile; fileRef = 29EC9C6C2062EDB100CA302E /* main.m */; };
/* End PBXBuildFile section */

/* Begin PBXFileReference section */
		29EC9C5A2062EDB100CA302E /* QuadraticEquetionCalc.app */ = {isa = PBXFileReference; explicitFileType = wrapper.application; includeInIndex = 0; path = QuadraticEquetionCalc.app; sourceTree = BUILT_PRODUCTS_DIR; };
		29EC9C5D2062EDB100CA302E /* AppDelegate.h */ = {isa = PBXFileReference; lastKnownFileType = sourcecode.c.h; path = AppDelegate.h; sourceTree = "<group>"; };
		29EC9C5E2062EDB100CA302E /* AppDelegate.m */ = {isa = PBXFileReference; lastKnownFileType = sourcecode.c.objc; path = AppDelegate.m; sourceTree = "<group>"; };
		29EC9C602062EDB100CA302E /* ViewController.h */ = {isa = PBXFileReference; lastKnownFileType = sourcecode.c.h; path = ViewController.h; sourceTree = "<group>"; };
		29EC9C612062EDB100CA302E /* ViewController.m */ = {isa = PBXFileReference; lastKnownFileType = sourcecode.c.objc; path = ViewController.m; sourceTree = "<group>"; };
		29EC9C642062EDB100CA302E /* Base */ = {isa = PBXFileReference; lastKnownFileType = file.storyboard; name = Base; path = Base.lproj/Main.storyboard; sourceTree = "<group>"; };
		29EC9C662062EDB100CA302E /* Assets.xcassets */ = {isa = PBXFileReference; lastKnownFileType = folder.assetcatalog; path = Assets.xcassets; sourceTree = "<group>"; };
		29EC9C692062EDB100CA302E /* Base */ = {isa = PBXFileReference; lastKnownFileType = file.storyboard; name = Base; path = Base.lproj/LaunchScreen.storyboard; sourceTree = "<group>"; };
		29EC9C6B2062EDB100CA302E /* Info.plist */ = {isa = PBXFileReference; lastKnownFileType = text.plist.xml; path = Info.plist; sourceTree = "<group>"; };
		29EC9C6C2062EDB100CA302E /* main.m */ = {isa = PBXFileReference; lastKnownFileType = sourcecode.c.objc; path = main.m; sourceTree = "<group>"; };
/* End PBXFileReference section */

/* Begin PBXFrameworksBuildPhase section */
		29EC9C572062EDB100CA302E /* Frameworks */ = {
			isa = PBXFrameworksBuildPhase;
			buildActionMask = 2147483647;
			files = (
			);
			runOnlyForDeploymentPostprocessing = 0;
		};
/* End PBXFrameworksBuildPhase section */

/* Begin PBXGroup section */
		29EC9C512062EDB100CA302E = {
			isa = PBXGroup;
			children = (
				29EC9C5C2062EDB100CA302E /* QuadraticEquetionCalc */,
				29EC9C5B2062EDB100CA302E /* Products */,
			);
			sourceTree = "<group>";
		};
		29EC9C5B2062EDB100CA302E /* Products */ = {
			isa = PBXGroup;
			children = (
				29EC9C5A2062EDB100CA302E /* QuadraticEquetionCalc.app */,
			);
			name = Products;
			sourceTree = "<group>";
		};
		29EC9C5C2062EDB100CA302E /* QuadraticEquetionCalc */ = {
			isa = PBXGroup;
			children = (
				29EC9C5D2062EDB100CA302E /* AppDelegate.h */,
				29EC9C5E2062EDB100CA302E /* AppDelegate.m */,
				29EC9C602062EDB100CA302E /* ViewController.h */,
				29EC9C612062EDB100CA302E /* ViewController.m */,
				29EC9C632062EDB100CA302E /* Main.storyboard */,
				29EC9C662062EDB100CA302E /* Assets.xcassets */,
				29EC9C682062EDB100CA302E /* LaunchScreen.storyboard */,
				29EC9C6B2062EDB100CA302E /* Info.plist */,
				29EC9C6C2062EDB100CA302E /* main.m */,
			);
			path = QuadraticEquetionCalc;
			sourceTree = "<group>";
		};
/* End PBXGroup section */

/* Begin PBXNativeTarget section */
		29EC9C592062EDB100CA302E /* QuadraticEquetionCalc */ = {
			isa = PBXNativeTarget;
			buildConfigurationList = 29EC9C702062EDB100CA302E /* Build configuration list for PBXNativeTarget "QuadraticEquetionCalc" */;
			buildPhases = (
				29EC9C562062EDB100CA302E /* Sources */,
				29EC9C572062EDB100CA302E /* Frameworks */,
				29EC9C582062EDB100CA302E /* Resources */,
			);
			buildRules = (
			);
			dependencies = (
			);
			name = QuadraticEquetionCalc;
			productName = QuadraticEquetionCalc;
			productReference = 29EC9C5A2062EDB100CA302E /* QuadraticEquetionCalc.app */;
			productType = "com.apple.product-type.application";
		};
/* End PBXNativeTarget section */

/* Begin PBXProject section */
		29EC9C522062EDB100CA302E /* Project object */ = {
			isa = PBXProject;
			attributes = {
				LastUpgradeCheck = 0920;
				ORGANIZATIONNAME = Alena;
				TargetAttributes = {
					29EC9C592062EDB100CA302E = {
						CreatedOnToolsVersion = 9.2;
						ProvisioningStyle = Automatic;
					};
				};
			};
			buildConfigurationList = 29EC9C552062EDB100CA302E /* Build configuration list for PBXProject "QuadraticEquetionCalc" */;
			compatibilityVersion = "Xcode 8.0";
			developmentRegion = en;
			hasScannedForEncodings = 0;
			knownRegions = (
				en,
				Base,
			);
			mainGroup = 29EC9C512062EDB100CA302E;
			productRefGroup = 29EC9C5B2062EDB100CA302E /* Products */;
			projectDirPath = "";
			projectRoot = "";
			targets = (
				29EC9C592062EDB100CA302E /* QuadraticEquetionCalc */,
			);
		};
/* End PBXProject section */

/* Begin PBXResourcesBuildPhase section */
		29EC9C582062EDB100CA302E /* Resources */ = {
			isa = PBXResourcesBuildPhase;
			buildActionMask = 2147483647;
			files = (
				29EC9C6A2062EDB100CA302E /* LaunchScreen.storyboard in Resources */,
				29EC9C672062EDB100CA302E /* Assets.xcassets in Resources */,
				29EC9C652062EDB100CA302E /* Main.storyboard in Resources */,
			);
			runOnlyForDeploymentPostprocessing = 0;
		};
/* End PBXResourcesBuildPhase section */

/* Begin PBXSourcesBuildPhase section */
		29EC9C562062EDB100CA302E /* Sources */ = {
			isa = PBXSourcesBuildPhase;
			buildActionMask = 2147483647;
			files = (
				29EC9C622062EDB100CA302E /* ViewController.m in Sources */,
				29EC9C6D2062EDB100CA302E /* main.m in Sources */,
				29EC9C5F2062EDB100CA302E /* AppDelegate.m in Sources */,
			);
			runOnlyForDeploymentPostprocessing = 0;
		};
/* End PBXSourcesBuildPhase section */

/* Begin PBXVariantGroup section */
		29EC9C632062EDB100CA302E /* Main.storyboard */ = {
			isa = PBXVariantGroup;
			children = (
				29EC9C642062EDB100CA302E /* Base */,
			);
			name = Main.storyboard;
			sourceTree = "<group>";
		};
		29EC9C682062EDB100CA302E /* LaunchScreen.storyboard */ = {
			isa = PBXVariantGroup;
			children = (
				29EC9C692062EDB100CA302E /* Base */,
			);
			name = LaunchScreen.storyboard;
			sourceTree = "<group>";
		};
/* End PBXVariantGroup section */

/* Begin XCBuildConfiguration section */
		29EC9C6E2062EDB100CA302E /* Debug */ = {
			isa = XCBuildConfiguration;
			buildSettings = {
				ALWAYS_SEARCH_USER_PATHS = NO;
				CLANG_ANALYZER_NONNULL = YES;
				CLANG_ANALYZER_NUMBER_OBJECT_CONVERSION = YES_AGGRESSIVE;
				CLANG_CXX_LANGUAGE_STANDARD = "gnu++14";
				CLANG_CXX_LIBRARY = "libc++";
				CLANG_ENABLE_MODULES = YES;
				CLANG_ENABLE_OBJC_ARC = YES;
				CLANG_WARN_BLOCK_CAPTURE_AUTORELEASING = YES;
				CLANG_WARN_BOOL_CONVERSION = YES;
				CLANG_WARN_COMMA = YES;
				CLANG_WARN_CONSTANT_CONVERSION = YES;
				CLANG_WARN_DIRECT_OBJC_ISA_USAGE = YES_ERROR;
				CLANG_WARN_DOCUMENTATION_COMMENTS = YES;
				CLANG_WARN_EMPTY_BODY = YES;
				CLANG_WARN_ENUM_CONVERSION = YES;
				CLANG_WARN_INFINITE_RECURSION = YES;
				CLANG_WARN_INT_CONVERSION = YES;
				CLANG_WARN_NON_LITERAL_NULL_CONVERSION = YES;
				CLANG_WARN_OBJC_LITERAL_CONVERSION = YES;
				CLANG_WARN_OBJC_ROOT_CLASS = YES_ERROR;
				CLANG_WARN_RANGE_LOOP_ANALYSIS = YES;
				CLANG_WARN_STRICT_PROTOTYPES = YES;
				CLANG_WARN_SUSPICIOUS_MOVE = YES;
				CLANG_WARN_UNGUARDED_AVAILABILITY = YES_AGGRESSIVE;
				CLANG_WARN_UNREACHABLE_CODE = YES;
				CLANG_WARN__DUPLICATE_METHOD_MATCH = YES;
				CODE_SIGN_IDENTITY = "iPhone Developer";
				COPY_PHASE_STRIP = NO;
				DEBUG_INFORMATION_FORMAT = dwarf;
				ENABLE_STRICT_OBJC_MSGSEND = YES;
				ENABLE_TESTABILITY = YES;
				GCC_C_LANGUAGE_STANDARD = gnu11;
				GCC_DYNAMIC_NO_PIC = NO;
				GCC_NO_COMMON_BLOCKS = YES;
				GCC_OPTIMIZATION_LEVEL = 0;
				GCC_PREPROCESSOR_DEFINITIONS = (
					"DEBUG=1",
					"$(inherited)",
				);
				GCC_WARN_64_TO_32_BIT_CONVERSION = YES;
				GCC_WARN_ABOUT_RETURN_TYPE = YES_ERROR;
				GCC_WARN_UNDECLARED_SELECTOR = YES;
				GCC_WARN_UNINITIALIZED_AUTOS = YES_AGGRESSIVE;
				GCC_WARN_UNUSED_FUNCTION = YES;
				GCC_WARN_UNUSED_VARIABLE = YES;
				IPHONEOS_DEPLOYMENT_TARGET = 11.2;
				MTL_ENABLE_DEBUG_INFO = YES;
				ONLY_ACTIVE_ARCH = YES;
				SDKROOT = iphoneos;
			};
			name = Debug;
		};
		29EC9C6F2062EDB100CA302E /* Release */ = {
			isa = XCBuildConfiguration;
			buildSettings = {
				ALWAYS_SEARCH_USER_PATHS = NO;
				CLANG_ANALYZER_NONNULL = YES;
				CLANG_ANALYZER_NUMBER_OBJECT_CONVERSION = YES_AGGRESSIVE;
				CLANG_CXX_LANGUAGE_STANDARD = "gnu++14";
				CLANG_CXX_LIBRARY = "libc++";
				CLANG_ENABLE_MODULES = YES;
				CLANG_ENABLE_OBJC_ARC = YES;
				CLANG_WARN_BLOCK_CAPTURE_AUTORELEASING = YES;
				CLANG_WARN_BOOL_CONVERSION = YES;
				CLANG_WARN_COMMA = YES;
				CLANG_WARN_CONSTANT_CONVERSION = YES;
				CLANG_WARN_DIRECT_OBJC_ISA_USAGE = YES_ERROR;
				CLANG_WARN_DOCUMENTATION_COMMENTS = YES;
				CLANG_WARN_EMPTY_BODY = YES;
				CLANG_WARN_ENUM_CONVERSION = YES;
				CLANG_WARN_INFINITE_RECURSION = YES;
				CLANG_WARN_INT_CONVERSION = YES;
				CLANG_WARN_NON_LITERAL_NULL_CONVERSION = YES;
				CLANG_WARN_OBJC_LITERAL_CONVERSION = YES;
				CLANG_WARN_OBJC_ROOT_CLASS = YES_ERROR;
				CLANG_WARN_RANGE_LOOP_ANALYSIS = YES;
				CLANG_WARN_STRICT_PROTOTYPES = YES;
				CLANG_WARN_SUSPICIOUS_MOVE = YES;
				CLANG_WARN_UNGUARDED_AVAILABILITY = YES_AGGRESSIVE;
				CLANG_WARN_UNREACHABLE_CODE = YES;
				CLANG_WARN__DUPLICATE_METHOD_MATCH = YES;
				CODE_SIGN_IDENTITY = "iPhone Developer";
				COPY_PHASE_STRIP = NO;
				DEBUG_INFORMATION_FORMAT = "dwarf-with-dsym";
				ENABLE_NS_ASSERTIONS = NO;
				ENABLE_STRICT_OBJC_MSGSEND = YES;
				GCC_C_LANGUAGE_STANDARD = gnu11;
				GCC_NO_COMMON_BLOCKS = YES;
				GCC_WARN_64_TO_32_BIT_CONVERSION = YES;
				GCC_WARN_ABOUT_RETURN_TYPE = YES_ERROR;
				GCC_WARN_UNDECLARED_SELECTOR = YES;
				GCC_WARN_UNINITIALIZED_AUTOS = YES_AGGRESSIVE;
				GCC_WARN_UNUSED_FUNCTION = YES;
				GCC_WARN_UNUSED_VARIABLE = YES;
				IPHONEOS_DEPLOYMENT_TARGET = 11.2;
				MTL_ENABLE_DEBUG_INFO = NO;
				SDKROOT = iphoneos;
				VALIDATE_PRODUCT = YES;
			};
			name = Release;
		};
		29EC9C712062EDB100CA302E /* Debug */ = {
			isa = XCBuildConfiguration;
			buildSettings = {
				ASSETCATALOG_COMPILER_APPICON_NAME = AppIcon;
				CODE_SIGN_STYLE = Automatic;
				INFOPLIST_FILE = QuadraticEquetionCalc/Info.plist;
				LD_RUNPATH_SEARCH_PATHS = "$(inherited) @executable_path/Frameworks";
				PRODUCT_BUNDLE_IDENTIFIER = m.QuadraticEquetionCalc;
				PRODUCT_NAME = "$(TARGET_NAME)";
				TARGETED_DEVICE_FAMILY = "1,2";
			};
			name = Debug;
		};
		29EC9C722062EDB100CA302E /* Release */ = {
			isa = XCBuildConfiguration;
			buildSettings = {
				ASSETCATALOG_COMPILER_APPICON_NAME = AppIcon;
				CODE_SIGN_STYLE = Automatic;
				INFOPLIST_FILE = QuadraticEquetionCalc/Info.plist;
				LD_RUNPATH_SEARCH_PATHS = "$(inherited) @executable_path/Frameworks";
				PRODUCT_BUNDLE_IDENTIFIER = m.QuadraticEquetionCalc;
				PRODUCT_NAME = "$(TARGET_NAME)";
				TARGETED_DEVICE_FAMILY = "1,2";
			};
			name = Release;
		};
/* End XCBuildConfiguration section */

/* Begin XCConfigurationList section */
		29EC9C552062EDB100CA302E /* Build configuration list for PBXProject "QuadraticEquetionCalc" */ = {
			isa = XCConfigurationList;
			buildConfigurations = (
				29EC9C6E2062EDB100CA302E /* Debug */,
				29EC9C6F2062EDB100CA302E /* Release */,
			);
			defaultConfigurationIsVisible = 0;
			defaultConfigurationName = Release;
		};
		29EC9C702062EDB100CA302E /* Build configuration list for PBXNativeTarget "QuadraticEquetionCalc" */ = {
			isa = XCConfigurationList;
			buildConfigurations = (
				29EC9C712062EDB100CA302E /* Debug */,
				29EC9C722062EDB100CA302E /* Release */,
			);
			defaultConfigurationIsVisible = 0;
			defaultConfigurationName = Release;
		};
/* End XCConfigurationList section */
	};
	rootObject = 29EC9C522062EDB100CA302E /* Project object */;
}
